
Microsoft Visual Studio Solution File, Format Version 12.00
# Visual Studio Version 16
VisualStudioVersion = 16.0.30204.135
MinimumVisualStudioVersion = 10.0.40219.1
Project("{9A19103F-16F7-4668-BE54-9A1E7A4F7556}") = "WalkWithMeBackend", "WalkWithMeBackend\WalkWithMeBackend.csproj", "{01DB8DDA-30A0-43F7-949E-1FAB63A38C7F}"
EndProject
Global
	GlobalSection(SolutionConfigurationPlatforms) = preSolution
		Debug|Any CPU = Debug|Any CPU
		Release|Any CPU = Release|Any CPU
	EndGlobalSection
	GlobalSection(ProjectConfigurationPlatforms) = postSolution
		{01DB8DDA-30A0-43F7-949E-1FAB63A38C7F}.Debug|Any CPU.ActiveCfg = Debug|Any CPU
		{01DB8DDA-30A0-43F7-949E-1FAB63A38C7F}.Debug|Any CPU.Build.0 = Debug|Any CPU
		{01DB8DDA-30A0-43F7-949E-1FAB63A38C7F}.Release|Any CPU.ActiveCfg = Release|Any CPU
		{01DB8DDA-30A0-43F7-949E-1FAB63A38C7F}.Release|Any CPU.Build.0 = Release|Any CPU
	EndGlobalSection
	GlobalSection(SolutionProperties) = preSolution
		HideSolutionNode = FALSE
	EndGlobalSection
	GlobalSection(ExtensibilityGlobals) = postSolution
		SolutionGuid = {C1674A43-B2B9-4566-A03D-856578571A91}
	EndGlobalSection
EndGlobal
